
Microsoft Visual Studio Solution File, Format Version 12.00
# Visual Studio Version 17
VisualStudioVersion = 17.10.34928.147
MinimumVisualStudioVersion = 10.0.40219.1
Project("{FAE04EC0-301F-11D3-BF4B-00C04F79EFBC}") = "panoramaApp", "panoramaApp\panoramaApp.csproj", "{8AB9D5C3-2C27-4B8A-B5CB-54163CF215CA}"
EndProject
Global
	GlobalSection(SolutionConfigurationPlatforms) = preSolution
		Debug|Any CPU = Debug|Any CPU
		Release|Any CPU = Release|Any CPU
	EndGlobalSection
	GlobalSection(ProjectConfigurationPlatforms) = postSolution
		{8AB9D5C3-2C27-4B8A-B5CB-54163CF215CA}.Debug|Any CPU.ActiveCfg = Debug|Any CPU
		{8AB9D5C3-2C27-4B8A-B5CB-54163CF215CA}.Debug|Any CPU.Build.0 = Debug|Any CPU
		{8AB9D5C3-2C27-4B8A-B5CB-54163CF215CA}.Release|Any CPU.ActiveCfg = Release|Any CPU
		{8AB9D5C3-2C27-4B8A-B5CB-54163CF215CA}.Release|Any CPU.Build.0 = Release|Any CPU
	EndGlobalSection
	GlobalSection(SolutionProperties) = preSolution
		HideSolutionNode = FALSE
	EndGlobalSection
	GlobalSection(ExtensibilityGlobals) = postSolution
		SolutionGuid = {5235FE65-4552-4C7D-A420-CBBBE9983CAD}
	EndGlobalSection
EndGlobal
